
Microsoft Visual Studio Solution File, Format Version 12.00
# Visual Studio Version 16
VisualStudioVersion = 16.0.30523.141
MinimumVisualStudioVersion = 10.0.40219.1
Project("{FAE04EC0-301F-11D3-BF4B-00C04F79EFBC}") = "Selection Statements", "Selection Statements\Selection Statements.csproj", "{47CC9050-4614-4080-B395-7A8E3A991796}"
EndProject
Global
	GlobalSection(SolutionConfigurationPlatforms) = preSolution
		Debug|Any CPU = Debug|Any CPU
		Release|Any CPU = Release|Any CPU
	EndGlobalSection
	GlobalSection(ProjectConfigurationPlatforms) = postSolution
		{47CC9050-4614-4080-B395-7A8E3A991796}.Debug|Any CPU.ActiveCfg = Debug|Any CPU
		{47CC9050-4614-4080-B395-7A8E3A991796}.Debug|Any CPU.Build.0 = Debug|Any CPU
		{47CC9050-4614-4080-B395-7A8E3A991796}.Release|Any CPU.ActiveCfg = Release|Any CPU
		{47CC9050-4614-4080-B395-7A8E3A991796}.Release|Any CPU.Build.0 = Release|Any CPU
	EndGlobalSection
	GlobalSection(SolutionProperties) = preSolution
		HideSolutionNode = FALSE
	EndGlobalSection
	GlobalSection(ExtensibilityGlobals) = postSolution
		SolutionGuid = {41B773F0-5C36-43FA-8037-EBDF986A6538}
	EndGlobalSection
EndGlobal
